
Microsoft Visual Studio Solution File, Format Version 12.00
# Visual Studio Version 16
VisualStudioVersion = 16.0.32106.194
MinimumVisualStudioVersion = 10.0.40219.1
Project("{FAE04EC0-301F-11D3-BF4B-00C04F79EFBC}") = "OnlineBookStore", "OnlineBookStore\OnlineBookStore.csproj", "{820081AD-0066-442A-A851-4B08F93D6333}"
EndProject
Global
	GlobalSection(SolutionConfigurationPlatforms) = preSolution
		Debug|Any CPU = Debug|Any CPU
		Release|Any CPU = Release|Any CPU
	EndGlobalSection
	GlobalSection(ProjectConfigurationPlatforms) = postSolution
		{820081AD-0066-442A-A851-4B08F93D6333}.Debug|Any CPU.ActiveCfg = Debug|Any CPU
		{820081AD-0066-442A-A851-4B08F93D6333}.Debug|Any CPU.Build.0 = Debug|Any CPU
		{820081AD-0066-442A-A851-4B08F93D6333}.Release|Any CPU.ActiveCfg = Release|Any CPU
		{820081AD-0066-442A-A851-4B08F93D6333}.Release|Any CPU.Build.0 = Release|Any CPU
	EndGlobalSection
	GlobalSection(SolutionProperties) = preSolution
		HideSolutionNode = FALSE
	EndGlobalSection
	GlobalSection(ExtensibilityGlobals) = postSolution
		SolutionGuid = {D260983F-7EFE-4B76-B218-D253EAFDA9AC}
	EndGlobalSection
EndGlobal
